
Microsoft Visual Studio Solution File, Format Version 12.00
# Visual Studio Version 16
VisualStudioVersion = 16.0.30621.155
MinimumVisualStudioVersion = 10.0.40219.1
Project("{FAE04EC0-301F-11D3-BF4B-00C04F79EFBC}") = "TwitterTrends", "TwitterTrends\TwitterTrends.csproj", "{EDF7B346-F2C2-425A-A3F1-1787A62443E0}"
EndProject
Global
	GlobalSection(SolutionConfigurationPlatforms) = preSolution
		Debug|Any CPU = Debug|Any CPU
		Release|Any CPU = Release|Any CPU
	EndGlobalSection
	GlobalSection(ProjectConfigurationPlatforms) = postSolution
		{EDF7B346-F2C2-425A-A3F1-1787A62443E0}.Debug|Any CPU.ActiveCfg = Debug|Any CPU
		{EDF7B346-F2C2-425A-A3F1-1787A62443E0}.Debug|Any CPU.Build.0 = Debug|Any CPU
		{EDF7B346-F2C2-425A-A3F1-1787A62443E0}.Release|Any CPU.ActiveCfg = Release|Any CPU
		{EDF7B346-F2C2-425A-A3F1-1787A62443E0}.Release|Any CPU.Build.0 = Release|Any CPU
	EndGlobalSection
	GlobalSection(SolutionProperties) = preSolution
		HideSolutionNode = FALSE
	EndGlobalSection
	GlobalSection(ExtensibilityGlobals) = postSolution
		SolutionGuid = {DFC702DC-D677-4103-A5E7-519E464D803F}
	EndGlobalSection
EndGlobal
